
Microsoft Visual Studio Solution File, Format Version 12.00
# Visual Studio Version 16
VisualStudioVersion = 16.0.28803.202
MinimumVisualStudioVersion = 10.0.40219.1
Project("{FAE04EC0-301F-11D3-BF4B-00C04F79EFBC}") = "PorkChop", "PorkChop\PorkChop.csproj", "{3758A650-4444-4B91-A2FC-A8FB872229BC}"
EndProject
Global
	GlobalSection(SolutionConfigurationPlatforms) = preSolution
		Debug|Any CPU = Debug|Any CPU
		Release|Any CPU = Release|Any CPU
	EndGlobalSection
	GlobalSection(ProjectConfigurationPlatforms) = postSolution
		{3758A650-4444-4B91-A2FC-A8FB872229BC}.Debug|Any CPU.ActiveCfg = Debug|Any CPU
		{3758A650-4444-4B91-A2FC-A8FB872229BC}.Debug|Any CPU.Build.0 = Debug|Any CPU
		{3758A650-4444-4B91-A2FC-A8FB872229BC}.Release|Any CPU.ActiveCfg = Release|Any CPU
		{3758A650-4444-4B91-A2FC-A8FB872229BC}.Release|Any CPU.Build.0 = Release|Any CPU
	EndGlobalSection
	GlobalSection(SolutionProperties) = preSolution
		HideSolutionNode = FALSE
	EndGlobalSection
	GlobalSection(ExtensibilityGlobals) = postSolution
		SolutionGuid = {56EE1ED5-7156-45F1-9770-5F8A265E4C3F}
	EndGlobalSection
EndGlobal
